
Microsoft Visual Studio Solution File, Format Version 12.00
# Visual Studio Version 17
VisualStudioVersion = 17.2.32616.157
MinimumVisualStudioVersion = 10.0.40219.1
Project("{8BC9CEB8-8B4A-11D0-8D11-00A0C91BC942}") = "Concept", "Concept\Concept.vcxproj", "{10C16B43-B966-4886-B83A-BB0C7D1B320A}"
EndProject
Project("{8BC9CEB8-8B4A-11D0-8D11-00A0C91BC942}") = "SourceLocation", "SourceLocation\SourceLocation.vcxproj", "{2857AEEF-DB3D-46ED-A600-26220E5817B8}"
EndProject
Project("{8BC9CEB8-8B4A-11D0-8D11-00A0C91BC942}") = "ConsistentComparison", "ConsistentComparison\ConsistentComparison.vcxproj", "{3527610B-B580-484A-ADC9-62C0E2E7AB95}"
EndProject
Project("{8BC9CEB8-8B4A-11D0-8D11-00A0C91BC942}") = "Module", "Module\Module.vcxproj", "{3516B3CE-6BAF-4E43-8979-29DDC62E8EE7}"
EndProject
Project("{8BC9CEB8-8B4A-11D0-8D11-00A0C91BC942}") = "Co-routine", "Co-routine\Co-routine.vcxproj", "{1442849A-5830-4F08-9E4C-A74855A4FD9C}"
EndProject
Project("{8BC9CEB8-8B4A-11D0-8D11-00A0C91BC942}") = "ConstantExpressions", "ConstantExpressions\ConstantExpressions.vcxproj", "{213ECD16-AB97-40F8-A775-5F9A90C6A295}"
EndProject
Project("{8BC9CEB8-8B4A-11D0-8D11-00A0C91BC942}") = "Template", "Template\Template.vcxproj", "{61DAD137-8569-41E0-AB97-BFD1CDBDA08E}"
EndProject
Project("{8BC9CEB8-8B4A-11D0-8D11-00A0C91BC942}") = "Lambda", "Lambda\Lambda.vcxproj", "{16EEE7B2-779F-4E8D-BBD9-E4083C26D9FF}"
EndProject
Project("{8BC9CEB8-8B4A-11D0-8D11-00A0C91BC942}") = "StructuredBindings", "StructuredBindings\StructuredBindings.vcxproj", "{3C04AA60-1F8D-4238-B20D-406D3B2534AF}"
EndProject
Project("{8BC9CEB8-8B4A-11D0-8D11-00A0C91BC942}") = "CharacterCode", "CharacterCode\CharacterCode.vcxproj", "{6DE3763E-BE24-4602-8981-F35714A1899A}"
EndProject
Project("{8BC9CEB8-8B4A-11D0-8D11-00A0C91BC942}") = "Attributes", "Attributes\Attributes.vcxproj", "{5AE19F7C-D271-4E9E-93D2-D1C5A6462720}"
EndProject
Project("{8BC9CEB8-8B4A-11D0-8D11-00A0C91BC942}") = "Aggregate", "Aggregate\Aggregate.vcxproj", "{ADEFF2F4-B83C-4C93-BEC3-0E2AC2330CED}"
EndProject
Global
	GlobalSection(SolutionConfigurationPlatforms) = preSolution
		Debug|x64 = Debug|x64
		Debug|x86 = Debug|x86
		Release|x64 = Release|x64
		Release|x86 = Release|x86
	EndGlobalSection
	GlobalSection(ProjectConfigurationPlatforms) = postSolution
		{10C16B43-B966-4886-B83A-BB0C7D1B320A}.Debug|x64.ActiveCfg = Debug|x64
		{10C16B43-B966-4886-B83A-BB0C7D1B320A}.Debug|x64.Build.0 = Debug|x64
		{10C16B43-B966-4886-B83A-BB0C7D1B320A}.Debug|x86.ActiveCfg = Debug|Win32
		{10C16B43-B966-4886-B83A-BB0C7D1B320A}.Debug|x86.Build.0 = Debug|Win32
		{10C16B43-B966-4886-B83A-BB0C7D1B320A}.Release|x64.ActiveCfg = Release|x64
		{10C16B43-B966-4886-B83A-BB0C7D1B320A}.Release|x64.Build.0 = Release|x64
		{10C16B43-B966-4886-B83A-BB0C7D1B320A}.Release|x86.ActiveCfg = Release|Win32
		{10C16B43-B966-4886-B83A-BB0C7D1B320A}.Release|x86.Build.0 = Release|Win32
		{2857AEEF-DB3D-46ED-A600-26220E5817B8}.Debug|x64.ActiveCfg = Debug|x64
		{2857AEEF-DB3D-46ED-A600-26220E5817B8}.Debug|x64.Build.0 = Debug|x64
		{2857AEEF-DB3D-46ED-A600-26220E5817B8}.Debug|x86.ActiveCfg = Debug|Win32
		{2857AEEF-DB3D-46ED-A600-26220E5817B8}.Debug|x86.Build.0 = Debug|Win32
		{2857AEEF-DB3D-46ED-A600-26220E5817B8}.Release|x64.ActiveCfg = Release|x64
		{2857AEEF-DB3D-46ED-A600-26220E5817B8}.Release|x64.Build.0 = Release|x64
		{2857AEEF-DB3D-46ED-A600-26220E5817B8}.Release|x86.ActiveCfg = Release|Win32
		{2857AEEF-DB3D-46ED-A600-26220E5817B8}.Release|x86.Build.0 = Release|Win32
		{3527610B-B580-484A-ADC9-62C0E2E7AB95}.Debug|x64.ActiveCfg = Debug|x64
		{3527610B-B580-484A-ADC9-62C0E2E7AB95}.Debug|x64.Build.0 = Debug|x64
		{3527610B-B580-484A-ADC9-62C0E2E7AB95}.Debug|x86.ActiveCfg = Debug|Win32
		{3527610B-B580-484A-ADC9-62C0E2E7AB95}.Debug|x86.Build.0 = Debug|Win32
		{3527610B-B580-484A-ADC9-62C0E2E7AB95}.Release|x64.ActiveCfg = Release|x64
		{3527610B-B580-484A-ADC9-62C0E2E7AB95}.Release|x64.Build.0 = Release|x64
		{3527610B-B580-484A-ADC9-62C0E2E7AB95}.Release|x86.ActiveCfg = Release|Win32
		{3527610B-B580-484A-ADC9-62C0E2E7AB95}.Release|x86.Build.0 = Release|Win32
		{3516B3CE-6BAF-4E43-8979-29DDC62E8EE7}.Debug|x64.ActiveCfg = Debug|x64
		{3516B3CE-6BAF-4E43-8979-29DDC62E8EE7}.Debug|x64.Build.0 = Debug|x64
		{3516B3CE-6BAF-4E43-8979-29DDC62E8EE7}.Debug|x86.ActiveCfg = Debug|Win32
		{3516B3CE-6BAF-4E43-8979-29DDC62E8EE7}.Debug|x86.Build.0 = Debug|Win32
		{3516B3CE-6BAF-4E43-8979-29DDC62E8EE7}.Release|x64.ActiveCfg = Release|x64
		{3516B3CE-6BAF-4E43-8979-29DDC62E8EE7}.Release|x64.Build.0 = Release|x64
		{3516B3CE-6BAF-4E43-8979-29DDC62E8EE7}.Release|x86.ActiveCfg = Release|Win32
		{3516B3CE-6BAF-4E43-8979-29DDC62E8EE7}.Release|x86.Build.0 = Release|Win32
		{1442849A-5830-4F08-9E4C-A74855A4FD9C}.Debug|x64.ActiveCfg = Debug|x64
		{1442849A-5830-4F08-9E4C-A74855A4FD9C}.Debug|x64.Build.0 = Debug|x64
		{1442849A-5830-4F08-9E4C-A74855A4FD9C}.Debug|x86.ActiveCfg = Debug|Win32
		{1442849A-5830-4F08-9E4C-A74855A4FD9C}.Debug|x86.Build.0 = Debug|Win32
		{1442849A-5830-4F08-9E4C-A74855A4FD9C}.Release|x64.ActiveCfg = Release|x64
		{1442849A-5830-4F08-9E4C-A74855A4FD9C}.Release|x64.Build.0 = Release|x64
		{1442849A-5830-4F08-9E4C-A74855A4FD9C}.Release|x86.ActiveCfg = Release|Win32
		{1442849A-5830-4F08-9E4C-A74855A4FD9C}.Release|x86.Build.0 = Release|Win32
		{213ECD16-AB97-40F8-A775-5F9A90C6A295}.Debug|x64.ActiveCfg = Debug|x64
		{213ECD16-AB97-40F8-A775-5F9A90C6A295}.Debug|x64.Build.0 = Debug|x64
		{213ECD16-AB97-40F8-A775-5F9A90C6A295}.Debug|x86.ActiveCfg = Debug|Win32
		{213ECD16-AB97-40F8-A775-5F9A90C6A295}.Debug|x86.Build.0 = Debug|Win32
		{213ECD16-AB97-40F8-A775-5F9A90C6A295}.Release|x64.ActiveCfg = Release|x64
		{213ECD16-AB97-40F8-A775-5F9A90C6A295}.Release|x64.Build.0 = Release|x64
		{213ECD16-AB97-40F8-A775-5F9A90C6A295}.Release|x86.ActiveCfg = Release|Win32
		{213ECD16-AB97-40F8-A775-5F9A90C6A295}.Release|x86.Build.0 = Release|Win32
		{61DAD137-8569-41E0-AB97-BFD1CDBDA08E}.Debug|x64.ActiveCfg = Debug|x64
		{61DAD137-8569-41E0-AB97-BFD1CDBDA08E}.Debug|x64.Build.0 = Debug|x64
		{61DAD137-8569-41E0-AB97-BFD1CDBDA08E}.Debug|x86.ActiveCfg = Debug|Win32
		{61DAD137-8569-41E0-AB97-BFD1CDBDA08E}.Debug|x86.Build.0 = Debug|Win32
		{61DAD137-8569-41E0-AB97-BFD1CDBDA08E}.Release|x64.ActiveCfg = Release|x64
		{61DAD137-8569-41E0-AB97-BFD1CDBDA08E}.Release|x64.Build.0 = Release|x64
		{61DAD137-8569-41E0-AB97-BFD1CDBDA08E}.Release|x86.ActiveCfg = Release|Win32
		{61DAD137-8569-41E0-AB97-BFD1CDBDA08E}.Release|x86.Build.0 = Release|Win32
		{16EEE7B2-779F-4E8D-BBD9-E4083C26D9FF}.Debug|x64.ActiveCfg = Debug|x64
		{16EEE7B2-779F-4E8D-BBD9-E4083C26D9FF}.Debug|x64.Build.0 = Debug|x64
		{16EEE7B2-779F-4E8D-BBD9-E4083C26D9FF}.Debug|x86.ActiveCfg = Debug|Win32
		{16EEE7B2-779F-4E8D-BBD9-E4083C26D9FF}.Debug|x86.Build.0 = Debug|Win32
		{16EEE7B2-779F-4E8D-BBD9-E4083C26D9FF}.Release|x64.ActiveCfg = Release|x64
		{16EEE7B2-779F-4E8D-BBD9-E4083C26D9FF}.Release|x64.Build.0 = Release|x64
		{16EEE7B2-779F-4E8D-BBD9-E4083C26D9FF}.Release|x86.ActiveCfg = Release|Win32
		{16EEE7B2-779F-4E8D-BBD9-E4083C26D9FF}.Release|x86.Build.0 = Release|Win32
		{3C04AA60-1F8D-4238-B20D-406D3B2534AF}.Debug|x64.ActiveCfg = Debug|x64
		{3C04AA60-1F8D-4238-B20D-406D3B2534AF}.Debug|x64.Build.0 = Debug|x64
		{3C04AA60-1F8D-4238-B20D-406D3B2534AF}.Debug|x86.ActiveCfg = Debug|Win32
		{3C04AA60-1F8D-4238-B20D-406D3B2534AF}.Debug|x86.Build.0 = Debug|Win32
		{3C04AA60-1F8D-4238-B20D-406D3B2534AF}.Release|x64.ActiveCfg = Release|x64
		{3C04AA60-1F8D-4238-B20D-406D3B2534AF}.Release|x64.Build.0 = Release|x64
		{3C04AA60-1F8D-4238-B20D-406D3B2534AF}.Release|x86.ActiveCfg = Release|Win32
		{3C04AA60-1F8D-4238-B20D-406D3B2534AF}.Release|x86.Build.0 = Release|Win32
		{6DE3763E-BE24-4602-8981-F35714A1899A}.Debug|x64.ActiveCfg = Debug|x64
		{6DE3763E-BE24-4602-8981-F35714A1899A}.Debug|x64.Build.0 = Debug|x64
		{6DE3763E-BE24-4602-8981-F35714A1899A}.Debug|x86.ActiveCfg = Debug|Win32
		{6DE3763E-BE24-4602-8981-F35714A1899A}.Debug|x86.Build.0 = Debug|Win32
		{6DE3763E-BE24-4602-8981-F35714A1899A}.Release|x64.ActiveCfg = Release|x64
		{6DE3763E-BE24-4602-8981-F35714A1899A}.Release|x64.Build.0 = Release|x64
		{6DE3763E-BE24-4602-8981-F35714A1899A}.Release|x86.ActiveCfg = Release|Win32
		{6DE3763E-BE24-4602-8981-F35714A1899A}.Release|x86.Build.0 = Release|Win32
		{5AE19F7C-D271-4E9E-93D2-D1C5A6462720}.Debug|x64.ActiveCfg = Debug|x64
		{5AE19F7C-D271-4E9E-93D2-D1C5A6462720}.Debug|x64.Build.0 = Debug|x64
		{5AE19F7C-D271-4E9E-93D2-D1C5A6462720}.Debug|x86.ActiveCfg = Debug|Win32
		{5AE19F7C-D271-4E9E-93D2-D1C5A6462720}.Debug|x86.Build.0 = Debug|Win32
		{5AE19F7C-D271-4E9E-93D2-D1C5A6462720}.Release|x64.ActiveCfg = Release|x64
		{5AE19F7C-D271-4E9E-93D2-D1C5A6462720}.Release|x64.Build.0 = Release|x64
		{5AE19F7C-D271-4E9E-93D2-D1C5A6462720}.Release|x86.ActiveCfg = Release|Win32
		{5AE19F7C-D271-4E9E-93D2-D1C5A6462720}.Release|x86.Build.0 = Release|Win32
		{ADEFF2F4-B83C-4C93-BEC3-0E2AC2330CED}.Debug|x64.ActiveCfg = Debug|x64
		{ADEFF2F4-B83C-4C93-BEC3-0E2AC2330CED}.Debug|x64.Build.0 = Debug|x64
		{ADEFF2F4-B83C-4C93-BEC3-0E2AC2330CED}.Debug|x86.ActiveCfg = Debug|Win32
		{ADEFF2F4-B83C-4C93-BEC3-0E2AC2330CED}.Debug|x86.Build.0 = Debug|Win32
		{ADEFF2F4-B83C-4C93-BEC3-0E2AC2330CED}.Release|x64.ActiveCfg = Release|x64
		{ADEFF2F4-B83C-4C93-BEC3-0E2AC2330CED}.Release|x64.Build.0 = Release|x64
		{ADEFF2F4-B83C-4C93-BEC3-0E2AC2330CED}.Release|x86.ActiveCfg = Release|Win32
		{ADEFF2F4-B83C-4C93-BEC3-0E2AC2330CED}.Release|x86.Build.0 = Release|Win32
	EndGlobalSection
	GlobalSection(SolutionProperties) = preSolution
		HideSolutionNode = FALSE
	EndGlobalSection
	GlobalSection(ExtensibilityGlobals) = postSolution
		SolutionGuid = {781F5DA7-79BF-48B5-94AC-A42F31145A15}
	EndGlobalSection
EndGlobal
